
Microsoft Visual Studio Solution File, Format Version 12.00
# Visual Studio Version 16
VisualStudioVersion = 16.0.31205.134
MinimumVisualStudioVersion = 10.0.40219.1
Project("{FAE04EC0-301F-11D3-BF4B-00C04F79EFBC}") = "Fasetto.Word", "Fasetto.Word\Fasetto.Word.csproj", "{01446685-7C27-45E4-B699-A2BDEB239121}"
EndProject
Global
	GlobalSection(SolutionConfigurationPlatforms) = preSolution
		Debug|Any CPU = Debug|Any CPU
		Release|Any CPU = Release|Any CPU
	EndGlobalSection
	GlobalSection(ProjectConfigurationPlatforms) = postSolution
		{01446685-7C27-45E4-B699-A2BDEB239121}.Debug|Any CPU.ActiveCfg = Debug|Any CPU
		{01446685-7C27-45E4-B699-A2BDEB239121}.Debug|Any CPU.Build.0 = Debug|Any CPU
		{01446685-7C27-45E4-B699-A2BDEB239121}.Release|Any CPU.ActiveCfg = Release|Any CPU
		{01446685-7C27-45E4-B699-A2BDEB239121}.Release|Any CPU.Build.0 = Release|Any CPU
	EndGlobalSection
	GlobalSection(SolutionProperties) = preSolution
		HideSolutionNode = FALSE
	EndGlobalSection
	GlobalSection(ExtensibilityGlobals) = postSolution
		SolutionGuid = {BA598845-2322-4D83-8AEE-54D5C876F33D}
	EndGlobalSection
EndGlobal
